
Microsoft Visual Studio Solution File, Format Version 12.00
# Visual Studio Version 16
VisualStudioVersion = 25.0.1706.6
MinimumVisualStudioVersion = 10.0.40219.1
Project("{FAE04EC0-301F-11D3-BF4B-00C04F79EFBC}") = "Bankomatas", "Bankomatas\Bankomatas.csproj", "{6F022CC8-0D4A-4D9C-BE8D-CF72862E0C4D}"
EndProject
Global
	GlobalSection(SolutionConfigurationPlatforms) = preSolution
		Debug|Any CPU = Debug|Any CPU
		Release|Any CPU = Release|Any CPU
	EndGlobalSection
	GlobalSection(ProjectConfigurationPlatforms) = postSolution
		{6F022CC8-0D4A-4D9C-BE8D-CF72862E0C4D}.Debug|Any CPU.ActiveCfg = Debug|Any CPU
		{6F022CC8-0D4A-4D9C-BE8D-CF72862E0C4D}.Debug|Any CPU.Build.0 = Debug|Any CPU
		{6F022CC8-0D4A-4D9C-BE8D-CF72862E0C4D}.Release|Any CPU.ActiveCfg = Release|Any CPU
		{6F022CC8-0D4A-4D9C-BE8D-CF72862E0C4D}.Release|Any CPU.Build.0 = Release|Any CPU
	EndGlobalSection
	GlobalSection(SolutionProperties) = preSolution
		HideSolutionNode = FALSE
	EndGlobalSection
	GlobalSection(ExtensibilityGlobals) = postSolution
		SolutionGuid = {E248CF57-FAF9-45D4-9B6A-3555F98A58FA}
	EndGlobalSection
EndGlobal
